{
  "nodes": {
    "SDL2-win32": {
      "inputs": {
        "SDL2_src": "SDL2_src",
        "flake-utils": "flake-utils",
        "nixpkgs": [
          "supertux-milestone1",
          "nixpkgs"
        ]
      },
      "locked": {
        "lastModified": 1786297641,
        "narHash": "sha256-yu4LwoIC0TCh8EhZzyDj1u99WnkqslMNp5rrg3hqAWM=",
        "owner": "grumnix",
        "repo": "SDL2-win32",
        "rev": "8ca7fe1bc9ef1201f1247fbcc8b560a1a06da8b1",
        "type": "github"
      },
      "original": {
        "owner": "grumnix",
        "repo": "SDL2-win32",
        "type": "github"
      }
    },
    "SDL2-win32_2": {
      "inputs": {
        "SDL2_src": "SDL2_src_2",
        "flake-utils": "flake-utils_5",
        "nixpkgs": [
          "supertux-origins",
          "nixpkgs"
        ]
      },
      "locked": {
        "lastModified": 1786297641,
        "narHash": "sha256-yu4LwoIC0TCh8EhZzyDj1u99WnkqslMNp5rrg3hqAWM=",
        "owner": "grumnix",
        "repo": "SDL2-win32",
        "rev": "8ca7fe1bc9ef1201f1247fbcc8b560a1a06da8b1",
        "type": "github"
      },
      "original": {
        "owner": "grumnix",
        "repo": "SDL2-win32",
        "type": "github"
      }
    },
    "SDL2_image-win32": {
      "inputs": {
        "SDL2_image_src": "SDL2_image_src",
        "flake-utils": "flake-utils_2",
        "nixpkgs": [
          "supertux-milestone1",
          "nixpkgs"
        ]
      },
      "locked": {
        "lastModified": 1786297696,
        "narHash": "sha256-deaJMt5O80oU8LyrLQn+rgFyztMonPpaFDZZXb7p6tg=",
        "owner": "grumnix",
        "repo": "SDL2_image-win32",
        "rev": "2137726a931d6ef7ff672526668637d10e686159",
        "type": "github"
      },
      "original": {
        "owner": "grumnix",
        "repo": "SDL2_image-win32",
        "type": "github"
      }
    },
    "SDL2_image-win32_2": {
      "inputs": {
        "SDL2_image_src": "SDL2_image_src_2",
        "flake-utils": "flake-utils_6",
        "nixpkgs": [
          "supertux-origins",
          "nixpkgs"
        ]
      },
      "locked": {
        "lastModified": 1786297696,
        "narHash": "sha256-deaJMt5O80oU8LyrLQn+rgFyztMonPpaFDZZXb7p6tg=",
        "owner": "grumnix",
        "repo": "SDL2_image-win32",
        "rev": "2137726a931d6ef7ff672526668637d10e686159",
        "type": "github"
      },
      "original": {
        "owner": "grumnix",
        "repo": "SDL2_image-win32",
        "type": "github"
      }
    },
    "SDL2_image_src": {
      "flake": false,
      "locked": {
        "lastModified": 1741038808,
        "narHash": "sha256-RdfL5vmppsxWqvhz6ZL41GtnSc63hrEMan3uG22iEyE=",
        "type": "tarball",
        "url": "https://www.libsdl.org/projects/SDL_image/release/SDL2_image-devel-2.8.8-mingw.tar.gz"
      },
      "original": {
        "type": "tarball",
        "url": "https://www.libsdl.org/projects/SDL_image/release/SDL2_image-devel-2.8.8-mingw.tar.gz"
      }
    },
    "SDL2_image_src_2": {
      "flake": false,
      "locked": {
        "lastModified": 1741038808,
        "narHash": "sha256-RdfL5vmppsxWqvhz6ZL41GtnSc63hrEMan3uG22iEyE=",
        "type": "tarball",
        "url": "https://www.libsdl.org/projects/SDL_image/release/SDL2_image-devel-2.8.8-mingw.tar.gz"
      },
      "original": {
        "type": "tarball",
        "url": "https://www.libsdl.org/projects/SDL_image/release/SDL2_image-devel-2.8.8-mingw.tar.gz"
      }
    },
    "SDL2_mixer-win32-x64": {
      "flake": false,
      "locked": {
        "lastModified": 1738958792,
        "narHash": "sha256-4HZQQiepTwGXeS/QwW+0BayuxH5+08cCstEFXSoTjkE=",
        "type": "tarball",
        "url": "https://github.com/libsdl-org/SDL_mixer/releases/download/release-2.8.1/SDL2_mixer-2.8.1-win32-x64.zip"
      },
      "original": {
        "type": "tarball",
        "url": "https://github.com/libsdl-org/SDL_mixer/releases/download/release-2.8.1/SDL2_mixer-2.8.1-win32-x64.zip"
      }
    },
    "SDL2_mixer-win32-x86": {
      "flake": false,
      "locked": {
        "lastModified": 1738958772,
        "narHash": "sha256-D6W/pjPr9nED34xotJuRz+3pOzRhpwfC0xmk4vQNvpM=",
        "type": "tarball",
        "url": "https://github.com/libsdl-org/SDL_mixer/releases/download/release-2.8.1/SDL2_mixer-2.8.1-win32-x86.zip"
      },
      "original": {
        "type": "tarball",
        "url": "https://github.com/libsdl-org/SDL_mixer/releases/download/release-2.8.1/SDL2_mixer-2.8.1-win32-x86.zip"
      }
    },
    "SDL2_src": {
      "flake": false,
      "locked": {
        "lastModified": 1748906407,
        "narHash": "sha256-aakdhaTL0dgt2BQEtv3w6pp1mwOrmNzEorh3lLxJgyo=",
        "type": "tarball",
        "url": "https://libsdl.org/release/SDL2-devel-2.32.8-mingw.tar.gz"
      },
      "original": {
        "type": "tarball",
        "url": "https://libsdl.org/release/SDL2-devel-2.32.8-mingw.tar.gz"
      }
    },
    "SDL2_src_2": {
      "flake": false,
      "locked": {
        "lastModified": 1748906407,
        "narHash": "sha256-aakdhaTL0dgt2BQEtv3w6pp1mwOrmNzEorh3lLxJgyo=",
        "type": "tarball",
        "url": "https://libsdl.org/release/SDL2-devel-2.32.8-mingw.tar.gz"
      },
      "original": {
        "type": "tarball",
        "url": "https://libsdl.org/release/SDL2-devel-2.32.8-mingw.tar.gz"
      }
    },
    "SDL2_ttf-win32": {
      "inputs": {
        "SDL2_ttf_src": "SDL2_ttf_src",
        "nixpkgs": [
          "supertux-origins",
          "nixpkgs"
        ],
        "tinycmmc": [
          "supertux-origins",
          "tinycmmc"
        ]
      },
      "locked": {
        "lastModified": 1716834024,
        "narHash": "sha256-N49b4rAhNe24Lua6F5UHOgvLt/G5o97mSa1A7E5XsPs=",
        "owner": "grumnix",
        "repo": "SDL2_ttf-win32",
        "rev": "189fc88dc1cf5363dfde8d7474c9adf2ab1583a1",
        "type": "github"
      },
      "original": {
        "owner": "grumnix",
        "repo": "SDL2_ttf-win32",
        "type": "github"
      }
    },
    "SDL2_ttf_src": {
      "flake": false,
      "locked": {
        "lastModified": 1705848876,
        "narHash": "sha256-bxB5rmyPA3Ip4ti50MQ/GBbPuTqYc/dd3lYda8daLVQ=",
        "type": "tarball",
        "url": "https://github.com/libsdl-org/SDL_ttf/releases/download/release-2.22.0/SDL2_ttf-devel-2.22.0-mingw.tar.gz"
      },
      "original": {
        "type": "tarball",
        "url": "https://github.com/libsdl-org/SDL_ttf/releases/download/release-2.22.0/SDL2_ttf-devel-2.22.0-mingw.tar.gz"
      }
    },
    "flake-utils": {
      "inputs": {
        "systems": "systems"
      },
      "locked": {
        "lastModified": 1731533236,
        "narHash": "sha256-l0KFg5HjrsfsO/JpG+r7fRrqm12kzFHyUHqHCVpMMbI=",
        "owner": "numtide",
        "repo": "flake-utils",
        "rev": "11707dc2f618dd54ca8739b309ec4fc024de578b",
        "type": "github"
      },
      "original": {
        "owner": "numtide",
        "repo": "flake-utils",
        "type": "github"
      }
    },
    "flake-utils_2": {
      "inputs": {
        "systems": "systems_2"
      },
      "locked": {
        "lastModified": 1731533236,
        "narHash": "sha256-l0KFg5HjrsfsO/JpG+r7fRrqm12kzFHyUHqHCVpMMbI=",
        "owner": "numtide",
        "repo": "flake-utils",
        "rev": "11707dc2f618dd54ca8739b309ec4fc024de578b",
        "type": "github"
      },
      "original": {
        "owner": "numtide",
        "repo": "flake-utils",
        "type": "github"
      }
    },
    "flake-utils_3": {
      "inputs": {
        "systems": "systems_3"
      },
      "locked": {
        "lastModified": 1731533236,
        "narHash": "sha256-l0KFg5HjrsfsO/JpG+r7fRrqm12kzFHyUHqHCVpMMbI=",
        "owner": "numtide",
        "repo": "flake-utils",
        "rev": "11707dc2f618dd54ca8739b309ec4fc024de578b",
        "type": "github"
      },
      "original": {
        "owner": "numtide",
        "repo": "flake-utils",
        "type": "github"
      }
    },
    "flake-utils_4": {
      "inputs": {
        "systems": "systems_4"
      },
      "locked": {
        "lastModified": 1731533236,
        "narHash": "sha256-l0KFg5HjrsfsO/JpG+r7fRrqm12kzFHyUHqHCVpMMbI=",
        "owner": "numtide",
        "repo": "flake-utils",
        "rev": "11707dc2f618dd54ca8739b309ec4fc024de578b",
        "type": "github"
      },
      "original": {
        "owner": "numtide",
        "repo": "flake-utils",
        "type": "github"
      }
    },
    "flake-utils_5": {
      "inputs": {
        "systems": "systems_5"
      },
      "locked": {
        "lastModified": 1731533236,
        "narHash": "sha256-l0KFg5HjrsfsO/JpG+r7fRrqm12kzFHyUHqHCVpMMbI=",
        "owner": "numtide",
        "repo": "flake-utils",
        "rev": "11707dc2f618dd54ca8739b309ec4fc024de578b",
        "type": "github"
      },
      "original": {
        "owner": "numtide",
        "repo": "flake-utils",
        "type": "github"
      }
    },
    "flake-utils_6": {
      "inputs": {
        "systems": "systems_6"
      },
      "locked": {
        "lastModified": 1731533236,
        "narHash": "sha256-l0KFg5HjrsfsO/JpG+r7fRrqm12kzFHyUHqHCVpMMbI=",
        "owner": "numtide",
        "repo": "flake-utils",
        "rev": "11707dc2f618dd54ca8739b309ec4fc024de578b",
        "type": "github"
      },
      "original": {
        "owner": "numtide",
        "repo": "flake-utils",
        "type": "github"
      }
    },
    "flake-utils_7": {
      "inputs": {
        "systems": "systems_7"
      },
      "locked": {
        "lastModified": 1731533236,
        "narHash": "sha256-l0KFg5HjrsfsO/JpG+r7fRrqm12kzFHyUHqHCVpMMbI=",
        "owner": "numtide",
        "repo": "flake-utils",
        "rev": "11707dc2f618dd54ca8739b309ec4fc024de578b",
        "type": "github"
      },
      "original": {
        "owner": "numtide",
        "repo": "flake-utils",
        "type": "github"
      }
    },
    "flake-utils_8": {
      "inputs": {
        "systems": "systems_8"
      },
      "locked": {
        "lastModified": 1731533236,
        "narHash": "sha256-l0KFg5HjrsfsO/JpG+r7fRrqm12kzFHyUHqHCVpMMbI=",
        "owner": "numtide",
        "repo": "flake-utils",
        "rev": "11707dc2f618dd54ca8739b309ec4fc024de578b",
        "type": "github"
      },
      "original": {
        "owner": "numtide",
        "repo": "flake-utils",
        "type": "github"
      }
    },
    "freetype-src": {
      "flake": false,
      "locked": {
        "lastModified": 1692989656,
        "narHash": "sha256-loGTKr3641HJzavjyNikPNgIwx1crPJk2P2/wVrSu3w=",
        "type": "tarball",
        "url": "https://download-mirror.savannah.gnu.org/releases/freetype/freetype-2.13.2.tar.xz"
      },
      "original": {
        "type": "tarball",
        "url": "https://download-mirror.savannah.gnu.org/releases/freetype/freetype-2.13.2.tar.xz"
      }
    },
    "libmodplug-win32": {
      "inputs": {
        "flake-utils": [
          "supertux-origins",
          "flake-utils"
        ],
        "libmodplug_src": "libmodplug_src",
        "nixpkgs": [
          "supertux-origins",
          "nixpkgs"
        ]
      },
      "locked": {
        "lastModified": 1786297750,
        "narHash": "sha256-2rVVQHF0JM+/FUGGIC+0PcxomHqEM9+AUDyHXeyYOVI=",
        "ref": "refs/heads/master",
        "rev": "b53c8590136c24da645bd06a6c60b9c596162d49",
        "revCount": 7,
        "type": "git",
        "url": "https://github.com/grumnix/libmodplug-win32.git"
      },
      "original": {
        "type": "git",
        "url": "https://github.com/grumnix/libmodplug-win32.git"
      }
    },
    "libmodplug_src": {
      "flake": false,
      "locked": {
        "lastModified": 1493040202,
        "narHash": "sha256-jNHspgIcrv5AUEgq2MB4TSqbj//tTCXiOoSqYjShGkw=",
        "type": "tarball",
        "url": "https://downloads.sourceforge.net/project/modplug-xmms/libmodplug/0.8.9.0/libmodplug-0.8.9.0.tar.gz"
      },
      "original": {
        "type": "tarball",
        "url": "https://downloads.sourceforge.net/project/modplug-xmms/libmodplug/0.8.9.0/libmodplug-0.8.9.0.tar.gz"
      }
    },
    "libxmp-src": {
      "flake": false,
      "locked": {
        "lastModified": 1686860750,
        "narHash": "sha256-LBiBYENn2c4CTV9iQt2L3QLu6tIV3KFpVkxxCUz7WAQ=",
        "type": "tarball",
        "url": "https://github.com/libxmp/libxmp/releases/download/libxmp-4.6.0/libxmp-4.6.0.tar.gz"
      },
      "original": {
        "type": "tarball",
        "url": "https://github.com/libxmp/libxmp/releases/download/libxmp-4.6.0/libxmp-4.6.0.tar.gz"
      }
    },
    "miniswig": {
      "inputs": {
        "flake-utils": "flake-utils_8",
        "nixpkgs": [
          "supertux-origins",
          "nixpkgs"
        ],
        "squirrel": "squirrel",
        "tinycmmc": [
          "supertux-origins",
          "tinycmmc"
        ]
      },
      "locked": {
        "lastModified": 1787231826,
        "narHash": "sha256-m0cjIIyv0IZFP8ubgMFiLdeOK4SoPCR1fLVgaPHDQSs=",
        "owner": "WindstilleTeam",
        "repo": "miniswig",
        "rev": "8b707a5a9ea65bd70700cb25168132e237a1b453",
        "type": "github"
      },
      "original": {
        "owner": "WindstilleTeam",
        "repo": "miniswig",
        "type": "github"
      }
    },
    "nixpkgs": {
      "locked": {
        "lastModified": 1787135253,
        "narHash": "sha256-RD2kNWCG+Bjo6h+JVjWVNntZs2GtRoeY2xHjts/FNkA=",
        "owner": "NixOS",
        "repo": "nixpkgs",
        "rev": "ffb3c9b700e759be2ef13237c9d8f953b32a1e46",
        "type": "github"
      },
      "original": {
        "owner": "NixOS",
        "ref": "nixos-unstable",
        "repo": "nixpkgs",
        "type": "github"
      }
    },
    "nixpkgs_2": {
      "locked": {
        "lastModified": 1786247143,
        "narHash": "sha256-8S3Kcxs7D4UtxJxSJZz0m14CGhuW0MxfrIwJxeGWGnQ=",
        "owner": "NixOS",
        "repo": "nixpkgs",
        "rev": "279b4a8275f032c566576b3f181fa0f27197f588",
        "type": "github"
      },
      "original": {
        "owner": "NixOS",
        "ref": "nixos-unstable",
        "repo": "nixpkgs",
        "type": "github"
      }
    },
    "nixpkgs_3": {
      "locked": {
        "lastModified": 1787135253,
        "narHash": "sha256-RD2kNWCG+Bjo6h+JVjWVNntZs2GtRoeY2xHjts/FNkA=",
        "owner": "NixOS",
        "repo": "nixpkgs",
        "rev": "ffb3c9b700e759be2ef13237c9d8f953b32a1e46",
        "type": "github"
      },
      "original": {
        "owner": "NixOS",
        "ref": "nixos-unstable",
        "repo": "nixpkgs",
        "type": "github"
      }
    },
    "openal-soft-win32": {
      "inputs": {
        "flake-utils": [
          "supertux-origins",
          "flake-utils"
        ],
        "nixpkgs": [
          "supertux-origins",
          "nixpkgs"
        ],
        "openal-soft_src": "openal-soft_src"
      },
      "locked": {
        "lastModified": 1786297480,
        "narHash": "sha256-aKmyS5P1n3flEAn6HH28w0SxcZhvbf3zJWB1Zj56n68=",
        "ref": "refs/heads/master",
        "rev": "a7924949a9ee8e9e9f7a33cd50f96672f4b9c84c",
        "revCount": 9,
        "type": "git",
        "url": "https://github.com/grumnix/openal-soft-win32.git"
      },
      "original": {
        "type": "git",
        "url": "https://github.com/grumnix/openal-soft-win32.git"
      }
    },
    "openal-soft_src": {
      "flake": false,
      "locked": {
        "lastModified": 1743221304,
        "narHash": "sha256-VQa3FD9NyvDv/+VbU+5lmV0LteiioJHpRkr1lnCn1g4=",
        "owner": "kcat",
        "repo": "openal-soft",
        "rev": "dc7d7054a5b4f3bec1dc23a42fd616a0847af948",
        "type": "github"
      },
      "original": {
        "owner": "kcat",
        "ref": "1.24.3",
        "repo": "openal-soft",
        "type": "github"
      }
    },
    "physfs-src": {
      "flake": false,
      "locked": {
        "lastModified": 1664568787,
        "narHash": "sha256-FhFIshX7G3uHEzvHGlDIrXa7Ux6ThQNzVssaENs+JMw=",
        "type": "tarball",
        "url": "https://github.com/icculus/physfs/archive/refs/tags/release-3.2.0.tar.gz"
      },
      "original": {
        "type": "tarball",
        "url": "https://github.com/icculus/physfs/archive/refs/tags/release-3.2.0.tar.gz"
      }
    },
    "physfs-win32": {
      "inputs": {
        "nixpkgs": [
          "supertux-origins",
          "nixpkgs"
        ],
        "physfs_src": "physfs_src",
        "tinycmmc": [
          "supertux-origins",
          "tinycmmc"
        ]
      },
      "locked": {
        "lastModified": 1763585438,
        "narHash": "sha256-kbf5HDD93XpfT0UQYHHmCQKfMQXHK1iimt+4T73KYno=",
        "owner": "grumnix",
        "repo": "physfs-win32",
        "rev": "1a2533c6afdee5bf104cb9011ae82d7f01d5e9d9",
        "type": "github"
      },
      "original": {
        "owner": "grumnix",
        "repo": "physfs-win32",
        "type": "github"
      }
    },
    "physfs_src": {
      "flake": false,
      "locked": {
        "lastModified": 1552934242,
        "narHash": "sha256-h1jNTPLLbKsp0hqsT/K7XEZs3Baz6s+FHXTcWHl31AM=",
        "type": "tarball",
        "url": "https://icculus.org/physfs/downloads/physfs-3.0.2.tar.bz2"
      },
      "original": {
        "type": "tarball",
        "url": "https://icculus.org/physfs/downloads/physfs-3.0.2.tar.bz2"
      }
    },
    "root": {
      "inputs": {
        "nixpkgs": "nixpkgs",
        "supertux-milestone1": "supertux-milestone1",
        "supertux-origins": "supertux-origins"
      }
    },
    "sdl2-image-src": {
      "flake": false,
      "locked": {
        "lastModified": 1704144931,
        "narHash": "sha256-zEE5Uk77xD0dYAJIPuhmidH51huxtmr+OmlrCcXoYRg=",
        "type": "tarball",
        "url": "https://github.com/libsdl-org/SDL_image/releases/download/release-2.8.2/SDL2_image-2.8.2.tar.gz"
      },
      "original": {
        "type": "tarball",
        "url": "https://github.com/libsdl-org/SDL_image/releases/download/release-2.8.2/SDL2_image-2.8.2.tar.gz"
      }
    },
    "sdl2-image-src_2": {
      "flake": false,
      "locked": {
        "lastModified": 1704144931,
        "narHash": "sha256-zEE5Uk77xD0dYAJIPuhmidH51huxtmr+OmlrCcXoYRg=",
        "type": "tarball",
        "url": "https://github.com/libsdl-org/SDL_image/releases/download/release-2.8.2/SDL2_image-2.8.2.tar.gz"
      },
      "original": {
        "type": "tarball",
        "url": "https://github.com/libsdl-org/SDL_image/releases/download/release-2.8.2/SDL2_image-2.8.2.tar.gz"
      }
    },
    "sdl2-mixer-mingw-devel": {
      "flake": false,
      "locked": {
        "lastModified": 1738962281,
        "narHash": "sha256-N4AS1iYQoMeJ1Hq5VlHqVNxpCIP7oSS2shgHOvXP3iA=",
        "type": "tarball",
        "url": "https://github.com/libsdl-org/SDL_mixer/releases/download/release-2.8.1/SDL2_mixer-devel-2.8.1-mingw.tar.gz"
      },
      "original": {
        "type": "tarball",
        "url": "https://github.com/libsdl-org/SDL_mixer/releases/download/release-2.8.1/SDL2_mixer-devel-2.8.1-mingw.tar.gz"
      }
    },
    "sdl2-mixer-src": {
      "flake": false,
      "locked": {
        "lastModified": 1705857723,
        "narHash": "sha256-ItN0LFoWw4nrs/B/ZJcEhZiIV6DklsvBpZyI8xXY8QU=",
        "type": "tarball",
        "url": "https://github.com/libsdl-org/SDL_mixer/releases/download/release-2.8.0/SDL2_mixer-2.8.0.tar.gz"
      },
      "original": {
        "type": "tarball",
        "url": "https://github.com/libsdl-org/SDL_mixer/releases/download/release-2.8.0/SDL2_mixer-2.8.0.tar.gz"
      }
    },
    "sdl2-src": {
      "flake": false,
      "locked": {
        "lastModified": 1714580206,
        "narHash": "sha256-49TNuKx5ec+rEK49rKjqrKStQzuhk8zdu8mRe/amUBk=",
        "type": "tarball",
        "url": "https://github.com/libsdl-org/SDL/releases/download/release-2.30.3/SDL2-2.30.3.tar.gz"
      },
      "original": {
        "type": "tarball",
        "url": "https://github.com/libsdl-org/SDL/releases/download/release-2.30.3/SDL2-2.30.3.tar.gz"
      }
    },
    "sdl2-src_2": {
      "flake": false,
      "locked": {
        "lastModified": 1714580206,
        "narHash": "sha256-49TNuKx5ec+rEK49rKjqrKStQzuhk8zdu8mRe/amUBk=",
        "type": "tarball",
        "url": "https://github.com/libsdl-org/SDL/releases/download/release-2.30.3/SDL2-2.30.3.tar.gz"
      },
      "original": {
        "type": "tarball",
        "url": "https://github.com/libsdl-org/SDL/releases/download/release-2.30.3/SDL2-2.30.3.tar.gz"
      }
    },
    "sdl2-ttf-src": {
      "flake": false,
      "locked": {
        "lastModified": 1705848619,
        "narHash": "sha256-3NNyTVL9Xpj4QXsuIBcmKOVyindcftYXLbayWBu3c8A=",
        "type": "tarball",
        "url": "https://github.com/libsdl-org/SDL_ttf/archive/refs/tags/release-2.22.0.tar.gz"
      },
      "original": {
        "type": "tarball",
        "url": "https://github.com/libsdl-org/SDL_ttf/archive/refs/tags/release-2.22.0.tar.gz"
      }
    },
    "squirrel": {
      "inputs": {
        "nixpkgs": [
          "supertux-origins",
          "miniswig",
          "nixpkgs"
        ],
        "squirrel_src": "squirrel_src",
        "tinycmmc": [
          "supertux-origins",
          "miniswig",
          "tinycmmc"
        ]
      },
      "locked": {
        "lastModified": 1763255413,
        "narHash": "sha256-Av2SMS7os/qcWfE6qzdOrzc5W+lV3+UPH3CDS4YAJUA=",
        "owner": "grumnix",
        "repo": "squirrel",
        "rev": "ec987b13f5c9627dbcb5417d09b61596b7439bb6",
        "type": "github"
      },
      "original": {
        "owner": "grumnix",
        "repo": "squirrel",
        "type": "github"
      }
    },
    "squirrel-src": {
      "flake": false,
      "locked": {
        "lastModified": 1731069854,
        "narHash": "sha256-2Zi2HBBTruKIWHSyGgQsar4wVI5IxrpgF40AR68hHTU=",
        "owner": "albertodemichelis",
        "repo": "squirrel",
        "rev": "f77074bdd6152d230609146a3d424c6f49e3770f",
        "type": "github"
      },
      "original": {
        "owner": "albertodemichelis",
        "repo": "squirrel",
        "rev": "f77074bdd6152d230609146a3d424c6f49e3770f",
        "type": "github"
      }
    },
    "squirrel_2": {
      "inputs": {
        "nixpkgs": [
          "supertux-origins",
          "nixpkgs"
        ],
        "squirrel_src": "squirrel_src_2",
        "tinycmmc": [
          "supertux-origins",
          "tinycmmc"
        ]
      },
      "locked": {
        "lastModified": 1763255413,
        "narHash": "sha256-Av2SMS7os/qcWfE6qzdOrzc5W+lV3+UPH3CDS4YAJUA=",
        "owner": "grumnix",
        "repo": "squirrel",
        "rev": "ec987b13f5c9627dbcb5417d09b61596b7439bb6",
        "type": "github"
      },
      "original": {
        "owner": "grumnix",
        "repo": "squirrel",
        "type": "github"
      }
    },
    "squirrel_src": {
      "flake": false,
      "locked": {
        "lastModified": 1731069854,
        "narHash": "sha256-2Zi2HBBTruKIWHSyGgQsar4wVI5IxrpgF40AR68hHTU=",
        "owner": "albertodemichelis",
        "repo": "squirrel",
        "rev": "f77074bdd6152d230609146a3d424c6f49e3770f",
        "type": "github"
      },
      "original": {
        "owner": "albertodemichelis",
        "repo": "squirrel",
        "rev": "f77074bdd6152d230609146a3d424c6f49e3770f",
        "type": "github"
      }
    },
    "squirrel_src_2": {
      "flake": false,
      "locked": {
        "lastModified": 1731069854,
        "narHash": "sha256-2Zi2HBBTruKIWHSyGgQsar4wVI5IxrpgF40AR68hHTU=",
        "owner": "albertodemichelis",
        "repo": "squirrel",
        "rev": "f77074bdd6152d230609146a3d424c6f49e3770f",
        "type": "github"
      },
      "original": {
        "owner": "albertodemichelis",
        "repo": "squirrel",
        "rev": "f77074bdd6152d230609146a3d424c6f49e3770f",
        "type": "github"
      }
    },
    "supertux-milestone1": {
      "inputs": {
        "SDL2-win32": "SDL2-win32",
        "SDL2_image-win32": "SDL2_image-win32",
        "SDL2_mixer-win32-x64": "SDL2_mixer-win32-x64",
        "SDL2_mixer-win32-x86": "SDL2_mixer-win32-x86",
        "flake-utils": "flake-utils_3",
        "libxmp-src": "libxmp-src",
        "nixpkgs": "nixpkgs_2",
        "sdl2-image-src": "sdl2-image-src",
        "sdl2-mixer-mingw-devel": "sdl2-mixer-mingw-devel",
        "sdl2-mixer-src": "sdl2-mixer-src",
        "sdl2-src": "sdl2-src",
        "tinycmmc": "tinycmmc"
      },
      "locked": {
        "lastModified": 1787314017,
        "narHash": "sha256-4JSNKUpkmGrRxYQvmm0m7z4oiOLjTvrJMbZ5RM/WS0c=",
        "owner": "SuperTux-Origins",
        "repo": "supertux-milestone1",
        "rev": "a38ab64eb144f97a6155fa38f9ce84099ce8402b",
        "type": "github"
      },
      "original": {
        "owner": "SuperTux-Origins",
        "repo": "supertux-milestone1",
        "type": "github"
      }
    },
    "supertux-origins": {
      "inputs": {
        "SDL2-win32": "SDL2-win32_2",
        "SDL2_image-win32": "SDL2_image-win32_2",
        "SDL2_ttf-win32": "SDL2_ttf-win32",
        "flake-utils": "flake-utils_7",
        "freetype-src": "freetype-src",
        "libmodplug-win32": "libmodplug-win32",
        "miniswig": "miniswig",
        "nixpkgs": "nixpkgs_3",
        "openal-soft-win32": "openal-soft-win32",
        "physfs-src": "physfs-src",
        "physfs-win32": "physfs-win32",
        "sdl2-image-src": "sdl2-image-src_2",
        "sdl2-src": "sdl2-src_2",
        "sdl2-ttf-src": "sdl2-ttf-src",
        "squirrel": "squirrel_2",
        "squirrel-src": "squirrel-src",
        "tinycmmc": "tinycmmc_2",
        "xdgcpp": "xdgcpp"
      },
      "locked": {
        "lastModified": 1787305921,
        "narHash": "sha256-uyJfV2tHUEtbEaoCOK+aDMxTJ1k4rT94YvV+XW2evNA=",
        "owner": "SuperTux-Origins",
        "repo": "supertux",
        "rev": "d6920c95b2bc6b2e08be21621088c10ba0188f66",
        "type": "github"
      },
      "original": {
        "owner": "SuperTux-Origins",
        "repo": "supertux",
        "type": "github"
      }
    },
    "systems": {
      "locked": {
        "lastModified": 1681028828,
        "narHash": "sha256-Vy1rq5AaRuLzOxct8nz4T6wlgyUR7zLU309k9mBC768=",
        "owner": "nix-systems",
        "repo": "default",
        "rev": "da67096a3b9bf56a91d16901293e51ba5b49a27e",
        "type": "github"
      },
      "original": {
        "owner": "nix-systems",
        "repo": "default",
        "type": "github"
      }
    },
    "systems_2": {
      "locked": {
        "lastModified": 1681028828,
        "narHash": "sha256-Vy1rq5AaRuLzOxct8nz4T6wlgyUR7zLU309k9mBC768=",
        "owner": "nix-systems",
        "repo": "default",
        "rev": "da67096a3b9bf56a91d16901293e51ba5b49a27e",
        "type": "github"
      },
      "original": {
        "owner": "nix-systems",
        "repo": "default",
        "type": "github"
      }
    },
    "systems_3": {
      "locked": {
        "lastModified": 1681028828,
        "narHash": "sha256-Vy1rq5AaRuLzOxct8nz4T6wlgyUR7zLU309k9mBC768=",
        "owner": "nix-systems",
        "repo": "default",
        "rev": "da67096a3b9bf56a91d16901293e51ba5b49a27e",
        "type": "github"
      },
      "original": {
        "owner": "nix-systems",
        "repo": "default",
        "type": "github"
      }
    },
    "systems_4": {
      "locked": {
        "lastModified": 1681028828,
        "narHash": "sha256-Vy1rq5AaRuLzOxct8nz4T6wlgyUR7zLU309k9mBC768=",
        "owner": "nix-systems",
        "repo": "default",
        "rev": "da67096a3b9bf56a91d16901293e51ba5b49a27e",
        "type": "github"
      },
      "original": {
        "owner": "nix-systems",
        "repo": "default",
        "type": "github"
      }
    },
    "systems_5": {
      "locked": {
        "lastModified": 1681028828,
        "narHash": "sha256-Vy1rq5AaRuLzOxct8nz4T6wlgyUR7zLU309k9mBC768=",
        "owner": "nix-systems",
        "repo": "default",
        "rev": "da67096a3b9bf56a91d16901293e51ba5b49a27e",
        "type": "github"
      },
      "original": {
        "owner": "nix-systems",
        "repo": "default",
        "type": "github"
      }
    },
    "systems_6": {
      "locked": {
        "lastModified": 1681028828,
        "narHash": "sha256-Vy1rq5AaRuLzOxct8nz4T6wlgyUR7zLU309k9mBC768=",
        "owner": "nix-systems",
        "repo": "default",
        "rev": "da67096a3b9bf56a91d16901293e51ba5b49a27e",
        "type": "github"
      },
      "original": {
        "owner": "nix-systems",
        "repo": "default",
        "type": "github"
      }
    },
    "systems_7": {
      "locked": {
        "lastModified": 1681028828,
        "narHash": "sha256-Vy1rq5AaRuLzOxct8nz4T6wlgyUR7zLU309k9mBC768=",
        "owner": "nix-systems",
        "repo": "default",
        "rev": "da67096a3b9bf56a91d16901293e51ba5b49a27e",
        "type": "github"
      },
      "original": {
        "owner": "nix-systems",
        "repo": "default",
        "type": "github"
      }
    },
    "systems_8": {
      "locked": {
        "lastModified": 1681028828,
        "narHash": "sha256-Vy1rq5AaRuLzOxct8nz4T6wlgyUR7zLU309k9mBC768=",
        "owner": "nix-systems",
        "repo": "default",
        "rev": "da67096a3b9bf56a91d16901293e51ba5b49a27e",
        "type": "github"
      },
      "original": {
        "owner": "nix-systems",
        "repo": "default",
        "type": "github"
      }
    },
    "tinycmmc": {
      "inputs": {
        "flake-utils": "flake-utils_4",
        "nixpkgs": [
          "supertux-milestone1",
          "nixpkgs"
        ]
      },
      "locked": {
        "lastModified": 1786345348,
        "narHash": "sha256-dpvTjt3Z8m9z6/KandNFY+QvREnEW+kEiL8YeW/IYGM=",
        "owner": "grumbel",
        "repo": "tinycmmc",
        "rev": "50c49bf8a45f7c5ddb0c5f838a0fd6a00845a04d",
        "type": "github"
      },
      "original": {
        "owner": "grumbel",
        "repo": "tinycmmc",
        "type": "github"
      }
    },
    "tinycmmc_2": {
      "inputs": {
        "flake-utils": [
          "supertux-origins",
          "flake-utils"
        ],
        "nixpkgs": [
          "supertux-origins",
          "nixpkgs"
        ]
      },
      "locked": {
        "path": "./external/tinycmmc",
        "type": "path"
      },
      "original": {
        "path": "./external/tinycmmc",
        "type": "path"
      },
      "parent": [
        "supertux-origins"
      ]
    },
    "xdgcpp": {
      "inputs": {
        "flake-utils": [
          "supertux-origins",
          "flake-utils"
        ],
        "nixpkgs": [
          "supertux-origins",
          "nixpkgs"
        ]
      },
      "locked": {
        "lastModified": 1763261245,
        "narHash": "sha256-hKVjwMh7KwZdGHGX3DrLh1ZuY6K68mMB4+7DF3X6S/w=",
        "owner": "grumbel",
        "repo": "xdgcpp",
        "rev": "1c685dda3f94851be1af3d6d5971df15085c645c",
        "type": "github"
      },
      "original": {
        "owner": "grumbel",
        "repo": "xdgcpp",
        "type": "github"
      }
    }
  },
  "root": "root",
  "version": 7
}
